
Microsoft Visual Studio Solution File, Format Version 12.00
# Visual Studio Version 17
VisualStudioVersion = 17.11.35327.3
MinimumVisualStudioVersion = 10.0.40219.1
Project("{FAE04EC0-301F-11D3-BF4B-00C04F79EFBC}") = "DigitalVaultAPI", "DigitalVaultAPI\DigitalVaultAPI.csproj", "{D9BEA3EC-2D64-40FB-953A-1C4DF428DE88}"
EndProject
Project("{FAE04EC0-301F-11D3-BF4B-00C04F79EFBC}") = "DigitalVaultAPI.Application", "DigitalVaultAPI.Application\DigitalVaultAPI.Application.csproj", "{C23537C4-0143-41B4-BF16-68B4FB137423}"
EndProject
Project("{FAE04EC0-301F-11D3-BF4B-00C04F79EFBC}") = "DigitalVaultAPI.Domain", "DigitalVaultAPI.Domain\DigitalVaultAPI.Domain.csproj", "{4367E483-DDF5-4FE5-97DE-664C6207EE03}"
EndProject
Project("{FAE04EC0-301F-11D3-BF4B-00C04F79EFBC}") = "DigitalVaultAPI.Infrastracture", "DigitalVaultAPI.Infrastracture\DigitalVaultAPI.Infrastracture.csproj", "{8EE81786-C729-4190-9463-DE0067C1A9D1}"
EndProject
Project("{FAE04EC0-301F-11D3-BF4B-00C04F79EFBC}") = "DigitalVaultAPI.Shared", "DigitalVaultAPI.Shared\DigitalVaultAPI.Shared.csproj", "{23C7819A-1F03-4759-A75C-6394AB6DE469}"
EndProject
Global
	GlobalSection(SolutionConfigurationPlatforms) = preSolution
		Debug|Any CPU = Debug|Any CPU
		Release|Any CPU = Release|Any CPU
	EndGlobalSection
	GlobalSection(ProjectConfigurationPlatforms) = postSolution
		{D9BEA3EC-2D64-40FB-953A-1C4DF428DE88}.Debug|Any CPU.ActiveCfg = Debug|Any CPU
		{D9BEA3EC-2D64-40FB-953A-1C4DF428DE88}.Debug|Any CPU.Build.0 = Debug|Any CPU
		{D9BEA3EC-2D64-40FB-953A-1C4DF428DE88}.Release|Any CPU.ActiveCfg = Release|Any CPU
		{D9BEA3EC-2D64-40FB-953A-1C4DF428DE88}.Release|Any CPU.Build.0 = Release|Any CPU
		{C23537C4-0143-41B4-BF16-68B4FB137423}.Debug|Any CPU.ActiveCfg = Debug|Any CPU
		{C23537C4-0143-41B4-BF16-68B4FB137423}.Debug|Any CPU.Build.0 = Debug|Any CPU
		{C23537C4-0143-41B4-BF16-68B4FB137423}.Release|Any CPU.ActiveCfg = Release|Any CPU
		{C23537C4-0143-41B4-BF16-68B4FB137423}.Release|Any CPU.Build.0 = Release|Any CPU
		{4367E483-DDF5-4FE5-97DE-664C6207EE03}.Debug|Any CPU.ActiveCfg = Debug|Any CPU
		{4367E483-DDF5-4FE5-97DE-664C6207EE03}.Debug|Any CPU.Build.0 = Debug|Any CPU
		{4367E483-DDF5-4FE5-97DE-664C6207EE03}.Release|Any CPU.ActiveCfg = Release|Any CPU
		{4367E483-DDF5-4FE5-97DE-664C6207EE03}.Release|Any CPU.Build.0 = Release|Any CPU
		{8EE81786-C729-4190-9463-DE0067C1A9D1}.Debug|Any CPU.ActiveCfg = Debug|Any CPU
		{8EE81786-C729-4190-9463-DE0067C1A9D1}.Debug|Any CPU.Build.0 = Debug|Any CPU
		{8EE81786-C729-4190-9463-DE0067C1A9D1}.Release|Any CPU.ActiveCfg = Release|Any CPU
		{8EE81786-C729-4190-9463-DE0067C1A9D1}.Release|Any CPU.Build.0 = Release|Any CPU
		{23C7819A-1F03-4759-A75C-6394AB6DE469}.Debug|Any CPU.ActiveCfg = Debug|Any CPU
		{23C7819A-1F03-4759-A75C-6394AB6DE469}.Debug|Any CPU.Build.0 = Debug|Any CPU
		{23C7819A-1F03-4759-A75C-6394AB6DE469}.Release|Any CPU.ActiveCfg = Release|Any CPU
		{23C7819A-1F03-4759-A75C-6394AB6DE469}.Release|Any CPU.Build.0 = Release|Any CPU
	EndGlobalSection
	GlobalSection(SolutionProperties) = preSolution
		HideSolutionNode = FALSE
	EndGlobalSection
	GlobalSection(ExtensibilityGlobals) = postSolution
		SolutionGuid = {7D2EEDC4-4E6D-44EB-9862-716C96416541}
	EndGlobalSection
EndGlobal
